
Microsoft Visual Studio Solution File, Format Version 12.00
# Visual Studio Version 16
VisualStudioVersion = 16.0.30204.135
MinimumVisualStudioVersion = 10.0.40219.1
Project("{FAE04EC0-301F-11D3-BF4B-00C04F79EFBC}") = "GBFontsIssueRepro", "GBFontsIssueRepro\GBFontsIssueRepro.csproj", "{E10A15A3-6B02-4E3E-BAE5-012E99434AB4}"
EndProject
Global
	GlobalSection(SolutionConfigurationPlatforms) = preSolution
		Debug|Any CPU = Debug|Any CPU
		Release|Any CPU = Release|Any CPU
	EndGlobalSection
	GlobalSection(ProjectConfigurationPlatforms) = postSolution
		{E10A15A3-6B02-4E3E-BAE5-012E99434AB4}.Debug|Any CPU.ActiveCfg = Debug|Any CPU
		{E10A15A3-6B02-4E3E-BAE5-012E99434AB4}.Debug|Any CPU.Build.0 = Debug|Any CPU
		{E10A15A3-6B02-4E3E-BAE5-012E99434AB4}.Release|Any CPU.ActiveCfg = Release|Any CPU
		{E10A15A3-6B02-4E3E-BAE5-012E99434AB4}.Release|Any CPU.Build.0 = Release|Any CPU
	EndGlobalSection
	GlobalSection(SolutionProperties) = preSolution
		HideSolutionNode = FALSE
	EndGlobalSection
	GlobalSection(ExtensibilityGlobals) = postSolution
		SolutionGuid = {B1636AA0-3255-4A3B-BA38-E607807F9A7E}
	EndGlobalSection
EndGlobal
